
Microsoft Visual Studio Solution File, Format Version 12.00
# Visual Studio Version 16
VisualStudioVersion = 16.0.0.0
MinimumVisualStudioVersion = 16.0.0.0
Project("{9A19103F-16F7-4668-BE54-9A1E7A4F7556}") = "KMoldApp", "KMoldApp\KMoldApp.csproj", "{3FCBB190-0BBE-4FBD-A1F7-F5183B03E242}"
EndProject
Project("{9A19103F-16F7-4668-BE54-9A1E7A4F7556}") = "KMoldApp.Client", "KMoldApp.Client\KMoldApp.Client.csproj", "{ABD80F6C-EE28-4BD7-AB24-C36EB74963F1}"
EndProject
Project("{FAE04EC0-301F-11D3-BF4B-00C04F79EFBC}") = "KMoldApp.Shared", "KMoldApp.Shared\KMoldApp.Shared.csproj", "{25CBE7BC-EF9E-4620-9EEA-5169F3CDF559}"
EndProject
Project("{FAE04EC0-301F-11D3-BF4B-00C04F79EFBC}") = "KMoldApp.Data", "KMoldApp.Data\KMoldApp.Data.csproj", "{C85D602D-ACE2-4F1F-A6BD-A6B3354DF616}"
EndProject
Project("{FAE04EC0-301F-11D3-BF4B-00C04F79EFBC}") = "KMoldApp.Migrations.Npgsql", "KMoldApp.Migrations.Npgsql\KMoldApp.Migrations.Npgsql.csproj", "{7E56A1A7-C291-4C5D-AA03-82C728C3A8F4}"
EndProject
Project("{FAE04EC0-301F-11D3-BF4B-00C04F79EFBC}") = "KMoldApp.Migrations.SqlServer", "KMoldApp.Migrations.SqlServer\KMoldApp.Migrations.SqlServer.csproj", "{B54102F6-3A4B-4196-8980-30C7CEEA652C}"
EndProject
Project("{FAE04EC0-301F-11D3-BF4B-00C04F79EFBC}") = "KMoldApp.Tests", "KMoldApp.Tests\KMoldApp.Tests.csproj", "{D7BCB456-478A-471D-9939-41D915B77D80}"
EndProject
Global
	GlobalSection(SolutionConfigurationPlatforms) = preSolution
		Debug|Any CPU = Debug|Any CPU
		Debug|x64 = Debug|x64
		Debug|x86 = Debug|x86
		Release|Any CPU = Release|Any CPU
		Release|x64 = Release|x64
		Release|x86 = Release|x86
	EndGlobalSection
	GlobalSection(ProjectConfigurationPlatforms) = postSolution
		{3FCBB190-0BBE-4FBD-A1F7-F5183B03E242}.Debug|Any CPU.ActiveCfg = Debug|Any CPU
		{3FCBB190-0BBE-4FBD-A1F7-F5183B03E242}.Debug|Any CPU.Build.0 = Debug|Any CPU
		{3FCBB190-0BBE-4FBD-A1F7-F5183B03E242}.Debug|x64.ActiveCfg = Debug|Any CPU
		{3FCBB190-0BBE-4FBD-A1F7-F5183B03E242}.Debug|x64.Build.0 = Debug|Any CPU
		{3FCBB190-0BBE-4FBD-A1F7-F5183B03E242}.Debug|x86.ActiveCfg = Debug|Any CPU
		{3FCBB190-0BBE-4FBD-A1F7-F5183B03E242}.Debug|x86.Build.0 = Debug|Any CPU
		{3FCBB190-0BBE-4FBD-A1F7-F5183B03E242}.Release|Any CPU.ActiveCfg = Release|Any CPU
		{3FCBB190-0BBE-4FBD-A1F7-F5183B03E242}.Release|Any CPU.Build.0 = Release|Any CPU
		{3FCBB190-0BBE-4FBD-A1F7-F5183B03E242}.Release|x64.ActiveCfg = Release|Any CPU
		{3FCBB190-0BBE-4FBD-A1F7-F5183B03E242}.Release|x64.Build.0 = Release|Any CPU
		{3FCBB190-0BBE-4FBD-A1F7-F5183B03E242}.Release|x86.ActiveCfg = Release|Any CPU
		{3FCBB190-0BBE-4FBD-A1F7-F5183B03E242}.Release|x86.Build.0 = Release|Any CPU
		{ABD80F6C-EE28-4BD7-AB24-C36EB74963F1}.Debug|Any CPU.ActiveCfg = Debug|Any CPU
		{ABD80F6C-EE28-4BD7-AB24-C36EB74963F1}.Debug|Any CPU.Build.0 = Debug|Any CPU
		{ABD80F6C-EE28-4BD7-AB24-C36EB74963F1}.Debug|x64.ActiveCfg = Debug|Any CPU
		{ABD80F6C-EE28-4BD7-AB24-C36EB74963F1}.Debug|x64.Build.0 = Debug|Any CPU
		{ABD80F6C-EE28-4BD7-AB24-C36EB74963F1}.Debug|x86.ActiveCfg = Debug|Any CPU
		{ABD80F6C-EE28-4BD7-AB24-C36EB74963F1}.Debug|x86.Build.0 = Debug|Any CPU
		{ABD80F6C-EE28-4BD7-AB24-C36EB74963F1}.Release|Any CPU.ActiveCfg = Release|Any CPU
		{ABD80F6C-EE28-4BD7-AB24-C36EB74963F1}.Release|Any CPU.Build.0 = Release|Any CPU
		{ABD80F6C-EE28-4BD7-AB24-C36EB74963F1}.Release|x64.ActiveCfg = Release|Any CPU
		{ABD80F6C-EE28-4BD7-AB24-C36EB74963F1}.Release|x64.Build.0 = Release|Any CPU
		{ABD80F6C-EE28-4BD7-AB24-C36EB74963F1}.Release|x86.ActiveCfg = Release|Any CPU
		{ABD80F6C-EE28-4BD7-AB24-C36EB74963F1}.Release|x86.Build.0 = Release|Any CPU
		{25CBE7BC-EF9E-4620-9EEA-5169F3CDF559}.Debug|Any CPU.ActiveCfg = Debug|Any CPU
		{25CBE7BC-EF9E-4620-9EEA-5169F3CDF559}.Debug|Any CPU.Build.0 = Debug|Any CPU
		{25CBE7BC-EF9E-4620-9EEA-5169F3CDF559}.Debug|x64.ActiveCfg = Debug|Any CPU
		{25CBE7BC-EF9E-4620-9EEA-5169F3CDF559}.Debug|x64.Build.0 = Debug|Any CPU
		{25CBE7BC-EF9E-4620-9EEA-5169F3CDF559}.Debug|x86.ActiveCfg = Debug|Any CPU
		{25CBE7BC-EF9E-4620-9EEA-5169F3CDF559}.Debug|x86.Build.0 = Debug|Any CPU
		{25CBE7BC-EF9E-4620-9EEA-5169F3CDF559}.Release|Any CPU.ActiveCfg = Release|Any CPU
		{25CBE7BC-EF9E-4620-9EEA-5169F3CDF559}.Release|Any CPU.Build.0 = Release|Any CPU
		{25CBE7BC-EF9E-4620-9EEA-5169F3CDF559}.Release|x64.ActiveCfg = Release|Any CPU
		{25CBE7BC-EF9E-4620-9EEA-5169F3CDF559}.Release|x64.Build.0 = Release|Any CPU
		{25CBE7BC-EF9E-4620-9EEA-5169F3CDF559}.Release|x86.ActiveCfg = Release|Any CPU
		{25CBE7BC-EF9E-4620-9EEA-5169F3CDF559}.Release|x86.Build.0 = Release|Any CPU
		{C85D602D-ACE2-4F1F-A6BD-A6B3354DF616}.Debug|Any CPU.ActiveCfg = Debug|Any CPU
		{C85D602D-ACE2-4F1F-A6BD-A6B3354DF616}.Debug|Any CPU.Build.0 = Debug|Any CPU
		{C85D602D-ACE2-4F1F-A6BD-A6B3354DF616}.Debug|x64.ActiveCfg = Debug|Any CPU
		{C85D602D-ACE2-4F1F-A6BD-A6B3354DF616}.Debug|x64.Build.0 = Debug|Any CPU
		{C85D602D-ACE2-4F1F-A6BD-A6B3354DF616}.Debug|x86.ActiveCfg = Debug|Any CPU
		{C85D602D-ACE2-4F1F-A6BD-A6B3354DF616}.Debug|x86.Build.0 = Debug|Any CPU
		{C85D602D-ACE2-4F1F-A6BD-A6B3354DF616}.Release|Any CPU.ActiveCfg = Release|Any CPU
		{C85D602D-ACE2-4F1F-A6BD-A6B3354DF616}.Release|Any CPU.Build.0 = Release|Any CPU
		{C85D602D-ACE2-4F1F-A6BD-A6B3354DF616}.Release|x64.ActiveCfg = Release|Any CPU
		{C85D602D-ACE2-4F1F-A6BD-A6B3354DF616}.Release|x64.Build.0 = Release|Any CPU
		{C85D602D-ACE2-4F1F-A6BD-A6B3354DF616}.Release|x86.ActiveCfg = Release|Any CPU
		{C85D602D-ACE2-4F1F-A6BD-A6B3354DF616}.Release|x86.Build.0 = Release|Any CPU
		{7E56A1A7-C291-4C5D-AA03-82C728C3A8F4}.Debug|Any CPU.ActiveCfg = Debug|Any CPU
		{7E56A1A7-C291-4C5D-AA03-82C728C3A8F4}.Debug|Any CPU.Build.0 = Debug|Any CPU
		{7E56A1A7-C291-4C5D-AA03-82C728C3A8F4}.Debug|x64.ActiveCfg = Debug|Any CPU
		{7E56A1A7-C291-4C5D-AA03-82C728C3A8F4}.Debug|x64.Build.0 = Debug|Any CPU
		{7E56A1A7-C291-4C5D-AA03-82C728C3A8F4}.Debug|x86.ActiveCfg = Debug|Any CPU
		{7E56A1A7-C291-4C5D-AA03-82C728C3A8F4}.Debug|x86.Build.0 = Debug|Any CPU
		{7E56A1A7-C291-4C5D-AA03-82C728C3A8F4}.Release|Any CPU.ActiveCfg = Release|Any CPU
		{7E56A1A7-C291-4C5D-AA03-82C728C3A8F4}.Release|Any CPU.Build.0 = Release|Any CPU
		{7E56A1A7-C291-4C5D-AA03-82C728C3A8F4}.Release|x64.ActiveCfg = Release|Any CPU
		{7E56A1A7-C291-4C5D-AA03-82C728C3A8F4}.Release|x64.Build.0 = Release|Any CPU
		{7E56A1A7-C291-4C5D-AA03-82C728C3A8F4}.Release|x86.ActiveCfg = Release|Any CPU
		{7E56A1A7-C291-4C5D-AA03-82C728C3A8F4}.Release|x86.Build.0 = Release|Any CPU
		{B54102F6-3A4B-4196-8980-30C7CEEA652C}.Debug|Any CPU.ActiveCfg = Debug|Any CPU
		{B54102F6-3A4B-4196-8980-30C7CEEA652C}.Debug|Any CPU.Build.0 = Debug|Any CPU
		{B54102F6-3A4B-4196-8980-30C7CEEA652C}.Debug|x64.ActiveCfg = Debug|Any CPU
		{B54102F6-3A4B-4196-8980-30C7CEEA652C}.Debug|x64.Build.0 = Debug|Any CPU
		{B54102F6-3A4B-4196-8980-30C7CEEA652C}.Debug|x86.ActiveCfg = Debug|Any CPU
		{B54102F6-3A4B-4196-8980-30C7CEEA652C}.Debug|x86.Build.0 = Debug|Any CPU
		{B54102F6-3A4B-4196-8980-30C7CEEA652C}.Release|Any CPU.ActiveCfg = Release|Any CPU
		{B54102F6-3A4B-4196-8980-30C7CEEA652C}.Release|Any CPU.Build.0 = Release|Any CPU
		{B54102F6-3A4B-4196-8980-30C7CEEA652C}.Release|x64.ActiveCfg = Release|Any CPU
		{B54102F6-3A4B-4196-8980-30C7CEEA652C}.Release|x64.Build.0 = Release|Any CPU
		{B54102F6-3A4B-4196-8980-30C7CEEA652C}.Release|x86.ActiveCfg = Release|Any CPU
		{B54102F6-3A4B-4196-8980-30C7CEEA652C}.Release|x86.Build.0 = Release|Any CPU
		{D7BCB456-478A-471D-9939-41D915B77D80}.Debug|Any CPU.ActiveCfg = Debug|Any CPU
		{D7BCB456-478A-471D-9939-41D915B77D80}.Debug|Any CPU.Build.0 = Debug|Any CPU
		{D7BCB456-478A-471D-9939-41D915B77D80}.Debug|x64.ActiveCfg = Debug|Any CPU
		{D7BCB456-478A-471D-9939-41D915B77D80}.Debug|x64.Build.0 = Debug|Any CPU
		{D7BCB456-478A-471D-9939-41D915B77D80}.Debug|x86.ActiveCfg = Debug|Any CPU
		{D7BCB456-478A-471D-9939-41D915B77D80}.Debug|x86.Build.0 = Debug|Any CPU
		{D7BCB456-478A-471D-9939-41D915B77D80}.Release|Any CPU.ActiveCfg = Release|Any CPU
		{D7BCB456-478A-471D-9939-41D915B77D80}.Release|Any CPU.Build.0 = Release|Any CPU
		{D7BCB456-478A-471D-9939-41D915B77D80}.Release|x64.ActiveCfg = Release|Any CPU
		{D7BCB456-478A-471D-9939-41D915B77D80}.Release|x64.Build.0 = Release|Any CPU
		{D7BCB456-478A-471D-9939-41D915B77D80}.Release|x86.ActiveCfg = Release|Any CPU
		{D7BCB456-478A-471D-9939-41D915B77D80}.Release|x86.Build.0 = Release|Any CPU
	EndGlobalSection
	GlobalSection(SolutionProperties) = preSolution
		HideSolutionNode = FALSE
	EndGlobalSection
	GlobalSection(ExtensibilityGlobals) = postSolution
		SolutionGuid = {AC797C1A-8A7D-4818-9F37-C5E6A42C4860}
	EndGlobalSection
EndGlobal
